// !$*UTF8*$!
{
	archiveVersion = 1;
	classes = {
	};
	objectVersion = 77;
	objects = {

/* Begin PBXContainerItemProxy section */
		5834B1BE2E4B581700BA4824 /* PBXContainerItemProxy */ = {
			isa = PBXContainerItemProxy;
			containerPortal = 5834B1A82E4B581400BA4824 /* Project object */;
			proxyType = 1;
			remoteGlobalIDString = 5834B1AF2E4B581400BA4824;
			remoteInfo = barberHub;
		};
		5834B1C82E4B581700BA4824 /* PBXContainerItemProxy */ = {
			isa = PBXContainerItemProxy;
			containerPortal = 5834B1A82E4B581400BA4824 /* Project object */;
			proxyType = 1;
			remoteGlobalIDString = 5834B1AF2E4B581400BA4824;
			remoteInfo = barberHub;
		};
/* End PBXContainerItemProxy section */

/* Begin PBXFileReference section */
		5834B1B02E4B581400BA4824 /* barberHub.app */ = {isa = PBXFileReference; explicitFileType = wrapper.application; includeInIndex = 0; path = barberHub.app; sourceTree = BUILT_PRODUCTS_DIR; };
		5834B1BD2E4B581700BA4824 /* barberHubTests.xctest */ = {isa = PBXFileReference; explicitFileType = wrapper.cfbundle; includeInIndex = 0; path = barberHubTests.xctest; sourceTree = BUILT_PRODUCTS_DIR; };
		5834B1C72E4B581700BA4824 /* barberHubUITests.xctest */ = {isa = PBXFileReference; explicitFileType = wrapper.cfbundle; includeInIndex = 0; path = barberHubUITests.xctest; sourceTree = BUILT_PRODUCTS_DIR; };
/* End PBXFileReference section */

/* Begin PBXFileSystemSynchronizedRootGroup section */
		5834B1B22E4B581400BA4824 /* barberHub */ = {
			isa = PBXFileSystemSynchronizedRootGroup;
			path = barberHub;
			sourceTree = "<group>";
		};
		5834B1C02E4B581700BA4824 /* barberHubTests */ = {
			isa = PBXFileSystemSynchronizedRootGroup;
			path = barberHubTests;
			sourceTree = "<group>";
		};
		5834B1CA2E4B581700BA4824 /* barberHubUITests */ = {
			isa = PBXFileSystemSynchronizedRootGroup;
			path = barberHubUITests;
			sourceTree = "<group>";
		};
/* End PBXFileSystemSynchronizedRootGroup section */

/* Begin PBXFrameworksBuildPhase section */
		5834B1AD2E4B581400BA4824 /* Frameworks */ = {
			isa = PBXFrameworksBuildPhase;
			buildActionMask = 2147483647;
			files = (
			);
			runOnlyForDeploymentPostprocessing = 0;
		};
		5834B1BA2E4B581700BA4824 /* Frameworks */ = {
			isa = PBXFrameworksBuildPhase;
			buildActionMask = 2147483647;
			files = (
			);
			runOnlyForDeploymentPostprocessing = 0;
		};
		5834B1C42E4B581700BA4824 /* Frameworks */ = {
			isa = PBXFrameworksBuildPhase;
			buildActionMask = 2147483647;
			files = (
			);
			runOnlyForDeploymentPostprocessing = 0;
		};
/* End PBXFrameworksBuildPhase section */

/* Begin PBXGroup section */
		5834B1A72E4B581400BA4824 = {
			isa = PBXGroup;
			children = (
				5834B1B22E4B581400BA4824 /* barberHub */,
				5834B1C02E4B581700BA4824 /* barberHubTests */,
				5834B1CA2E4B581700BA4824 /* barberHubUITests */,
				5834B1B12E4B581400BA4824 /* Products */,
			);
			sourceTree = "<group>";
		};
		5834B1B12E4B581400BA4824 /* Products */ = {
			isa = PBXGroup;
			children = (
				5834B1B02E4B581400BA4824 /* barberHub.app */,
				5834B1BD2E4B581700BA4824 /* barberHubTests.xctest */,
				5834B1C72E4B581700BA4824 /* barberHubUITests.xctest */,
			);
			name = Products;
			sourceTree = "<group>";
		};
/* End PBXGroup section */

/* Begin PBXNativeTarget section */
		5834B1AF2E4B581400BA4824 /* barberHub */ = {
			isa = PBXNativeTarget;
			buildConfigurationList = 5834B1D12E4B581700BA4824 /* Build configuration list for PBXNativeTarget "barberHub" */;
			buildPhases = (
				5834B1AC2E4B581400BA4824 /* Sources */,
				5834B1AD2E4B581400BA4824 /* Frameworks */,
				5834B1AE2E4B581400BA4824 /* Resources */,
			);
			buildRules = (
			);
			dependencies = (
			);
			fileSystemSynchronizedGroups = (
				5834B1B22E4B581400BA4824 /* barberHub */,
			);
			name = barberHub;
			packageProductDependencies = (
			);
			productName = barberHub;
			productReference = 5834B1B02E4B581400BA4824 /* barberHub.app */;
			productType = "com.apple.product-type.application";
		};
		5834B1BC2E4B581700BA4824 /* barberHubTests */ = {
			isa = PBXNativeTarget;
			buildConfigurationList = 5834B1D42E4B581700BA4824 /* Build configuration list for PBXNativeTarget "barberHubTests" */;
			buildPhases = (
				5834B1B92E4B581700BA4824 /* Sources */,
				5834B1BA2E4B581700BA4824 /* Frameworks */,
				5834B1BB2E4B581700BA4824 /* Resources */,
			);
			buildRules = (
			);
			dependencies = (
				5834B1BF2E4B581700BA4824 /* PBXTargetDependency */,
			);
			fileSystemSynchronizedGroups = (
				5834B1C02E4B581700BA4824 /* barberHubTests */,
			);
			name = barberHubTests;
			packageProductDependencies = (
			);
			productName = barberHubTests;
			productReference = 5834B1BD2E4B581700BA4824 /* barberHubTests.xctest */;
			productType = "com.apple.product-type.bundle.unit-test";
		};
		5834B1C62E4B581700BA4824 /* barberHubUITests */ = {
			isa = PBXNativeTarget;
			buildConfigurationList = 5834B1D72E4B581700BA4824 /* Build configuration list for PBXNativeTarget "barberHubUITests" */;
			buildPhases = (
				5834B1C32E4B581700BA4824 /* Sources */,
				5834B1C42E4B581700BA4824 /* Frameworks */,
				5834B1C52E4B581700BA4824 /* Resources */,
			);
			buildRules = (
			);
			dependencies = (
				5834B1C92E4B581700BA4824 /* PBXTargetDependency */,
			);
			fileSystemSynchronizedGroups = (
				5834B1CA2E4B581700BA4824 /* barberHubUITests */,
			);
			name = barberHubUITests;
			packageProductDependencies = (
			);
			productName = barberHubUITests;
			productReference = 5834B1C72E4B581700BA4824 /* barberHubUITests.xctest */;
			productType = "com.apple.product-type.bundle.ui-testing";
		};
/* End PBXNativeTarget section */

/* Begin PBXProject section */
		5834B1A82E4B581400BA4824 /* Project object */ = {
			isa = PBXProject;
			attributes = {
				BuildIndependentTargetsInParallel = 1;
				LastSwiftUpdateCheck = 1640;
				LastUpgradeCheck = 1640;
				TargetAttributes = {
					5834B1AF2E4B581400BA4824 = {
						CreatedOnToolsVersion = 16.4;
					};
					5834B1BC2E4B581700BA4824 = {
						CreatedOnToolsVersion = 16.4;
						TestTargetID = 5834B1AF2E4B581400BA4824;
					};
					5834B1C62E4B581700BA4824 = {
						CreatedOnToolsVersion = 16.4;
						TestTargetID = 5834B1AF2E4B581400BA4824;
					};
				};
			};
			buildConfigurationList = 5834B1AB2E4B581400BA4824 /* Build configuration list for PBXProject "barberHub" */;
			developmentRegion = en;
			hasScannedForEncodings = 0;
			knownRegions = (
				en,
				Base,
			);
			mainGroup = 5834B1A72E4B581400BA4824;
			minimizedProjectReferenceProxies = 1;
			preferredProjectObjectVersion = 77;
			productRefGroup = 5834B1B12E4B581400BA4824 /* Products */;
			projectDirPath = "";
			projectRoot = "";
			targets = (
				5834B1AF2E4B581400BA4824 /* barberHub */,
				5834B1BC2E4B581700BA4824 /* barberHubTests */,
				5834B1C62E4B581700BA4824 /* barberHubUITests */,
			);
		};
/* End PBXProject section */

/* Begin PBXResourcesBuildPhase section */
		5834B1AE2E4B581400BA4824 /* Resources */ = {
			isa = PBXResourcesBuildPhase;
			buildActionMask = 2147483647;
			files = (
			);
			runOnlyForDeploymentPostprocessing = 0;
		};
		5834B1BB2E4B581700BA4824 /* Resources */ = {
			isa = PBXResourcesBuildPhase;
			buildActionMask = 2147483647;
			files = (
			);
			runOnlyForDeploymentPostprocessing = 0;
		};
		5834B1C52E4B581700BA4824 /* Resources */ = {
			isa = PBXResourcesBuildPhase;
			buildActionMask = 2147483647;
			files = (
			);
			runOnlyForDeploymentPostprocessing = 0;
		};
/* End PBXResourcesBuildPhase section */

/* Begin PBXSourcesBuildPhase section */
		5834B1AC2E4B581400BA4824 /* Sources */ = {
			isa = PBXSourcesBuildPhase;
			buildActionMask = 2147483647;
			files = (
			);
			runOnlyForDeploymentPostprocessing = 0;
		};
		5834B1B92E4B581700BA4824 /* Sources */ = {
			isa = PBXSourcesBuildPhase;
			buildActionMask = 2147483647;
			files = (
			);
			runOnlyForDeploymentPostprocessing = 0;
		};
		5834B1C32E4B581700BA4824 /* Sources */ = {
			isa = PBXSourcesBuildPhase;
			buildActionMask = 2147483647;
			files = (
			);
			runOnlyForDeploymentPostprocessing = 0;
		};
/* End PBXSourcesBuildPhase section */

/* Begin PBXTargetDependency section */
		5834B1BF2E4B581700BA4824 /* PBXTargetDependency */ = {
			isa = PBXTargetDependency;
			target = 5834B1AF2E4B581400BA4824 /* barberHub */;
			targetProxy = 5834B1BE2E4B581700BA4824 /* PBXContainerItemProxy */;
		};
		5834B1C92E4B581700BA4824 /* PBXTargetDependency */ = {
			isa = PBXTargetDependency;
			target = 5834B1AF2E4B581400BA4824 /* barberHub */;
			targetProxy = 5834B1C82E4B581700BA4824 /* PBXContainerItemProxy */;
		};
/* End PBXTargetDependency section */

/* Begin XCBuildConfiguration section */
		5834B1CF2E4B581700BA4824 /* Debug */ = {
			isa = XCBuildConfiguration;
			buildSettings = {
				ALWAYS_SEARCH_USER_PATHS = NO;
				ASSETCATALOG_COMPILER_GENERATE_SWIFT_ASSET_SYMBOL_EXTENSIONS = YES;
				CLANG_ANALYZER_NONNULL = YES;
				CLANG_ANALYZER_NUMBER_OBJECT_CONVERSION = YES_AGGRESSIVE;
				CLANG_CXX_LANGUAGE_STANDARD = "gnu++20";
				CLANG_ENABLE_MODULES = YES;
				CLANG_ENABLE_OBJC_ARC = YES;
				CLANG_ENABLE_OBJC_WEAK = YES;
				CLANG_WARN_BLOCK_CAPTURE_AUTORELEASING = YES;
				CLANG_WARN_BOOL_CONVERSION = YES;
				CLANG_WARN_COMMA = YES;
				CLANG_WARN_CONSTANT_CONVERSION = YES;
				CLANG_WARN_DEPRECATED_OBJC_IMPLEMENTATIONS = YES;
				CLANG_WARN_DIRECT_OBJC_ISA_USAGE = YES_ERROR;
				CLANG_WARN_DOCUMENTATION_COMMENTS = YES;
				CLANG_WARN_EMPTY_BODY = YES;
				CLANG_WARN_ENUM_CONVERSION = YES;
				CLANG_WARN_INFINITE_RECURSION = YES;
				CLANG_WARN_INT_CONVERSION = YES;
				CLANG_WARN_NON_LITERAL_NULL_CONVERSION = YES;
				CLANG_WARN_OBJC_IMPLICIT_RETAIN_SELF = YES;
				CLANG_WARN_OBJC_LITERAL_CONVERSION = YES;
				CLANG_WARN_OBJC_ROOT_CLASS = YES_ERROR;
				CLANG_WARN_QUOTED_INCLUDE_IN_FRAMEWORK_HEADER = YES;
				CLANG_WARN_RANGE_LOOP_ANALYSIS = YES;
				CLANG_WARN_STRICT_PROTOTYPES = YES;
				CLANG_WARN_SUSPICIOUS_MOVE = YES;
				CLANG_WARN_UNGUARDED_AVAILABILITY = YES_AGGRESSIVE;
				CLANG_WARN_UNREACHABLE_CODE = YES;
				CLANG_WARN__DUPLICATE_METHOD_MATCH = YES;
				COPY_PHASE_STRIP = NO;
				DEBUG_INFORMATION_FORMAT = dwarf;
				ENABLE_STRICT_OBJC_MSGSEND = YES;
				ENABLE_TESTABILITY = YES;
				ENABLE_USER_SCRIPT_SANDBOXING = YES;
				GCC_C_LANGUAGE_STANDARD = gnu17;
				GCC_DYNAMIC_NO_PIC = NO;
				GCC_NO_COMMON_BLOCKS = YES;
				GCC_OPTIMIZATION_LEVEL = 0;
				GCC_PREPROCESSOR_DEFINITIONS = (
					"DEBUG=1",
					"$(inherited)",
				);
				GCC_WARN_64_TO_32_BIT_CONVERSION = YES;
				GCC_WARN_ABOUT_RETURN_TYPE = YES_ERROR;
				GCC_WARN_UNDECLARED_SELECTOR = YES;
				GCC_WARN_UNINITIALIZED_AUTOS = YES_AGGRESSIVE;
				GCC_WARN_UNUSED_FUNCTION = YES;
				GCC_WARN_UNUSED_VARIABLE = YES;
				IPHONEOS_DEPLOYMENT_TARGET = 18.5;
				LOCALIZATION_PREFERS_STRING_CATALOGS = YES;
				MTL_ENABLE_DEBUG_INFO = INCLUDE_SOURCE;
				MTL_FAST_MATH = YES;
				ONLY_ACTIVE_ARCH = YES;
				SDKROOT = iphoneos;
				SWIFT_ACTIVE_COMPILATION_CONDITIONS = "DEBUG $(inherited)";
				SWIFT_OPTIMIZATION_LEVEL = "-Onone";
			};
			name = Debug;
		};
		5834B1D02E4B581700BA4824 /* Release */ = {
			isa = XCBuildConfiguration;
			buildSettings = {
				ALWAYS_SEARCH_USER_PATHS = NO;
				ASSETCATALOG_COMPILER_GENERATE_SWIFT_ASSET_SYMBOL_EXTENSIONS = YES;
				CLANG_ANALYZER_NONNULL = YES;
				CLANG_ANALYZER_NUMBER_OBJECT_CONVERSION = YES_AGGRESSIVE;
				CLANG_CXX_LANGUAGE_STANDARD = "gnu++20";
				CLANG_ENABLE_MODULES = YES;
				CLANG_ENABLE_OBJC_ARC = YES;
				CLANG_ENABLE_OBJC_WEAK = YES;
				CLANG_WARN_BLOCK_CAPTURE_AUTORELEASING = YES;
				CLANG_WARN_BOOL_CONVERSION = YES;
				CLANG_WARN_COMMA = YES;
				CLANG_WARN_CONSTANT_CONVERSION = YES;
				CLANG_WARN_DEPRECATED_OBJC_IMPLEMENTATIONS = YES;
				CLANG_WARN_DIRECT_OBJC_ISA_USAGE = YES_ERROR;
				CLANG_WARN_DOCUMENTATION_COMMENTS = YES;
				CLANG_WARN_EMPTY_BODY = YES;
				CLANG_WARN_ENUM_CONVERSION = YES;
				CLANG_WARN_INFINITE_RECURSION = YES;
				CLANG_WARN_INT_CONVERSION = YES;
				CLANG_WARN_NON_LITERAL_NULL_CONVERSION = YES;
				CLANG_WARN_OBJC_IMPLICIT_RETAIN_SELF = YES;
				CLANG_WARN_OBJC_LITERAL_CONVERSION = YES;
				CLANG_WARN_OBJC_ROOT_CLASS = YES_ERROR;
				CLANG_WARN_QUOTED_INCLUDE_IN_FRAMEWORK_HEADER = YES;
				CLANG_WARN_RANGE_LOOP_ANALYSIS = YES;
				CLANG_WARN_STRICT_PROTOTYPES = YES;
				CLANG_WARN_SUSPICIOUS_MOVE = YES;
				CLANG_WARN_UNGUARDED_AVAILABILITY = YES_AGGRESSIVE;
				CLANG_WARN_UNREACHABLE_CODE = YES;
				CLANG_WARN__DUPLICATE_METHOD_MATCH = YES;
				COPY_PHASE_STRIP = NO;
				DEBUG_INFORMATION_FORMAT = "dwarf-with-dsym";
				ENABLE_NS_ASSERTIONS = NO;
				ENABLE_STRICT_OBJC_MSGSEND = YES;
				ENABLE_USER_SCRIPT_SANDBOXING = YES;
				GCC_C_LANGUAGE_STANDARD = gnu17;
				GCC_NO_COMMON_BLOCKS = YES;
				GCC_WARN_64_TO_32_BIT_CONVERSION = YES;
				GCC_WARN_ABOUT_RETURN_TYPE = YES_ERROR;
				GCC_WARN_UNDECLARED_SELECTOR = YES;
				GCC_WARN_UNINITIALIZED_AUTOS = YES_AGGRESSIVE;
				GCC_WARN_UNUSED_FUNCTION = YES;
				GCC_WARN_UNUSED_VARIABLE = YES;
				IPHONEOS_DEPLOYMENT_TARGET = 18.5;
				LOCALIZATION_PREFERS_STRING_CATALOGS = YES;
				MTL_ENABLE_DEBUG_INFO = NO;
				MTL_FAST_MATH = YES;
				SDKROOT = iphoneos;
				SWIFT_COMPILATION_MODE = wholemodule;
				VALIDATE_PRODUCT = YES;
			};
			name = Release;
		};
		5834B1D22E4B581700BA4824 /* Debug */ = {
			isa = XCBuildConfiguration;
			buildSettings = {
				ASSETCATALOG_COMPILER_APPICON_NAME = AppIcon;
				ASSETCATALOG_COMPILER_GLOBAL_ACCENT_COLOR_NAME = AccentColor;
				CODE_SIGN_STYLE = Automatic;
				CURRENT_PROJECT_VERSION = 1;
				ENABLE_PREVIEWS = YES;
				GENERATE_INFOPLIST_FILE = YES;
				INFOPLIST_KEY_UIApplicationSceneManifest_Generation = YES;
				INFOPLIST_KEY_UIApplicationSupportsIndirectInputEvents = YES;
				INFOPLIST_KEY_UILaunchScreen_Generation = YES;
				INFOPLIST_KEY_UISupportedInterfaceOrientations_iPad = "UIInterfaceOrientationPortrait UIInterfaceOrientationPortraitUpsideDown UIInterfaceOrientationLandscapeLeft UIInterfaceOrientationLandscapeRight";
				INFOPLIST_KEY_UISupportedInterfaceOrientations_iPhone = "UIInterfaceOrientationPortrait UIInterfaceOrientationLandscapeLeft UIInterfaceOrientationLandscapeRight";
				LD_RUNPATH_SEARCH_PATHS = (
					"$(inherited)",
					"@executable_path/Frameworks",
				);
				MARKETING_VERSION = 1.0;
				PRODUCT_BUNDLE_IDENTIFIER = com.mo.barberHub;
				PRODUCT_NAME = "$(TARGET_NAME)";
				SWIFT_EMIT_LOC_STRINGS = YES;
				SWIFT_VERSION = 5.0;
				TARGETED_DEVICE_FAMILY = "1,2";
			};
			name = Debug;
		};
		5834B1D32E4B581700BA4824 /* Release */ = {
			isa = XCBuildConfiguration;
			buildSettings = {
				ASSETCATALOG_COMPILER_APPICON_NAME = AppIcon;
				ASSETCATALOG_COMPILER_GLOBAL_ACCENT_COLOR_NAME = AccentColor;
				CODE_SIGN_STYLE = Automatic;
				CURRENT_PROJECT_VERSION = 1;
				ENABLE_PREVIEWS = YES;
				GENERATE_INFOPLIST_FILE = YES;
				INFOPLIST_KEY_UIApplicationSceneManifest_Generation = YES;
				INFOPLIST_KEY_UIApplicationSupportsIndirectInputEvents = YES;
				INFOPLIST_KEY_UILaunchScreen_Generation = YES;
				INFOPLIST_KEY_UISupportedInterfaceOrientations_iPad = "UIInterfaceOrientationPortrait UIInterfaceOrientationPortraitUpsideDown UIInterfaceOrientationLandscapeLeft UIInterfaceOrientationLandscapeRight";
				INFOPLIST_KEY_UISupportedInterfaceOrientations_iPhone = "UIInterfaceOrientationPortrait UIInterfaceOrientationLandscapeLeft UIInterfaceOrientationLandscapeRight";
				LD_RUNPATH_SEARCH_PATHS = (
					"$(inherited)",
					"@executable_path/Frameworks",
				);
				MARKETING_VERSION = 1.0;
				PRODUCT_BUNDLE_IDENTIFIER = com.mo.barberHub;
				PRODUCT_NAME = "$(TARGET_NAME)";
				SWIFT_EMIT_LOC_STRINGS = YES;
				SWIFT_VERSION = 5.0;
				TARGETED_DEVICE_FAMILY = "1,2";
			};
			name = Release;
		};
		5834B1D52E4B581700BA4824 /* Debug */ = {
			isa = XCBuildConfiguration;
			buildSettings = {
				BUNDLE_LOADER = "$(TEST_HOST)";
				CODE_SIGN_STYLE = Automatic;
				CURRENT_PROJECT_VERSION = 1;
				GENERATE_INFOPLIST_FILE = YES;
				IPHONEOS_DEPLOYMENT_TARGET = 18.5;
				MARKETING_VERSION = 1.0;
				PRODUCT_BUNDLE_IDENTIFIER = com.mo.barberHubTests;
				PRODUCT_NAME = "$(TARGET_NAME)";
				SWIFT_EMIT_LOC_STRINGS = NO;
				SWIFT_VERSION = 5.0;
				TARGETED_DEVICE_FAMILY = "1,2";
				TEST_HOST = "$(BUILT_PRODUCTS_DIR)/barberHub.app/$(BUNDLE_EXECUTABLE_FOLDER_PATH)/barberHub";
			};
			name = Debug;
		};
		5834B1D62E4B581700BA4824 /* Release */ = {
			isa = XCBuildConfiguration;
			buildSettings = {
				BUNDLE_LOADER = "$(TEST_HOST)";
				CODE_SIGN_STYLE = Automatic;
				CURRENT_PROJECT_VERSION = 1;
				GENERATE_INFOPLIST_FILE = YES;
				IPHONEOS_DEPLOYMENT_TARGET = 18.5;
				MARKETING_VERSION = 1.0;
				PRODUCT_BUNDLE_IDENTIFIER = com.mo.barberHubTests;
				PRODUCT_NAME = "$(TARGET_NAME)";
				SWIFT_EMIT_LOC_STRINGS = NO;
				SWIFT_VERSION = 5.0;
				TARGETED_DEVICE_FAMILY = "1,2";
				TEST_HOST = "$(BUILT_PRODUCTS_DIR)/barberHub.app/$(BUNDLE_EXECUTABLE_FOLDER_PATH)/barberHub";
			};
			name = Release;
		};
		5834B1D82E4B581700BA4824 /* Debug */ = {
			isa = XCBuildConfiguration;
			buildSettings = {
				CODE_SIGN_STYLE = Automatic;
				CURRENT_PROJECT_VERSION = 1;
				GENERATE_INFOPLIST_FILE = YES;
				MARKETING_VERSION = 1.0;
				PRODUCT_BUNDLE_IDENTIFIER = com.mo.barberHubUITests;
				PRODUCT_NAME = "$(TARGET_NAME)";
				SWIFT_EMIT_LOC_STRINGS = NO;
				SWIFT_VERSION = 5.0;
				TARGETED_DEVICE_FAMILY = "1,2";
				TEST_TARGET_NAME = barberHub;
			};
			name = Debug;
		};
		5834B1D92E4B581700BA4824 /* Release */ = {
			isa = XCBuildConfiguration;
			buildSettings = {
				CODE_SIGN_STYLE = Automatic;
				CURRENT_PROJECT_VERSION = 1;
				GENERATE_INFOPLIST_FILE = YES;
				MARKETING_VERSION = 1.0;
				PRODUCT_BUNDLE_IDENTIFIER = com.mo.barberHubUITests;
				PRODUCT_NAME = "$(TARGET_NAME)";
				SWIFT_EMIT_LOC_STRINGS = NO;
				SWIFT_VERSION = 5.0;
				TARGETED_DEVICE_FAMILY = "1,2";
				TEST_TARGET_NAME = barberHub;
			};
			name = Release;
		};
/* End XCBuildConfiguration section */

/* Begin XCConfigurationList section */
		5834B1AB2E4B581400BA4824 /* Build configuration list for PBXProject "barberHub" */ = {
			isa = XCConfigurationList;
			buildConfigurations = (
				5834B1CF2E4B581700BA4824 /* Debug */,
				5834B1D02E4B581700BA4824 /* Release */,
			);
			defaultConfigurationIsVisible = 0;
			defaultConfigurationName = Release;
		};
		5834B1D12E4B581700BA4824 /* Build configuration list for PBXNativeTarget "barberHub" */ = {
			isa = XCConfigurationList;
			buildConfigurations = (
				5834B1D22E4B581700BA4824 /* Debug */,
				5834B1D32E4B581700BA4824 /* Release */,
			);
			defaultConfigurationIsVisible = 0;
			defaultConfigurationName = Release;
		};
		5834B1D42E4B581700BA4824 /* Build configuration list for PBXNativeTarget "barberHubTests" */ = {
			isa = XCConfigurationList;
			buildConfigurations = (
				5834B1D52E4B581700BA4824 /* Debug */,
				5834B1D62E4B581700BA4824 /* Release */,
			);
			defaultConfigurationIsVisible = 0;
			defaultConfigurationName = Release;
		};
		5834B1D72E4B581700BA4824 /* Build configuration list for PBXNativeTarget "barberHubUITests" */ = {
			isa = XCConfigurationList;
			buildConfigurations = (
				5834B1D82E4B581700BA4824 /* Debug */,
				5834B1D92E4B581700BA4824 /* Release */,
			);
			defaultConfigurationIsVisible = 0;
			defaultConfigurationName = Release;
		};
/* End XCConfigurationList section */
	};
	rootObject = 5834B1A82E4B581400BA4824 /* Project object */;
}
